version: 1.0
shards:
  accord:
    github: neovintage/accord
    version: 1.1.0

  commander:
    github: mrrooijen/commander
    version: 0.3.3

  db:
    github: crystal-lang/crystal-db
    version: 0.4.2

  inflector:
    github: phoffer/inflector.cr
    version: 0.1.8

  jennifer:
    github: imdrasil/jennifer.cr
    version: 0.3.0

  kemal:
    github: kemalcr/kemal
    commit: 0b4856b7417592743a27fc3e30867fd141395bf6

  kemalyst-model:
    github: drujensen/kemalyst-model
    version: 0.5.5

  kemalyst-validators:
    github: drujensen/kemalyst-validators
    version: 0.2.0

  kilt:
    github: jeromegn/kilt
    version: 0.3.3

  mysql:
    github: crystal-lang/crystal-mysql
    version: 0.3.2

  radix:
    github: luislavena/radix
    version: 0.3.8

  sam:
    github: imdrasil/sam.cr
    version: 0.2.0

